
Microsoft Visual Studio Solution File, Format Version 12.00
# Visual Studio Version 17
VisualStudioVersion = 17.9.34728.123
MinimumVisualStudioVersion = 10.0.40219.1
Project("{FAE04EC0-301F-11D3-BF4B-00C04F79EFBC}") = "InfoCollector", "InfoCollector\InfoCollector.csproj", "{8AE6DFA9-3989-48F3-9416-957409403ADC}"
EndProject
Global
	GlobalSection(SolutionConfigurationPlatforms) = preSolution
		Debug|Any CPU = Debug|Any CPU
		Release|Any CPU = Release|Any CPU
	EndGlobalSection
	GlobalSection(ProjectConfigurationPlatforms) = postSolution
		{8AE6DFA9-3989-48F3-9416-957409403ADC}.Debug|Any CPU.ActiveCfg = Debug|Any CPU
		{8AE6DFA9-3989-48F3-9416-957409403ADC}.Debug|Any CPU.Build.0 = Debug|Any CPU
		{8AE6DFA9-3989-48F3-9416-957409403ADC}.Release|Any CPU.ActiveCfg = Release|Any CPU
		{8AE6DFA9-3989-48F3-9416-957409403ADC}.Release|Any CPU.Build.0 = Release|Any CPU
	EndGlobalSection
	GlobalSection(SolutionProperties) = preSolution
		HideSolutionNode = FALSE
	EndGlobalSection
	GlobalSection(ExtensibilityGlobals) = postSolution
		SolutionGuid = {0E94A449-C32C-499F-B602-B658548C7E4A}
	EndGlobalSection
EndGlobal
